
Microsoft Visual Studio Solution File, Format Version 12.00
# Visual Studio 2013
VisualStudioVersion = 12.0.30723.0
MinimumVisualStudioVersion = 10.0.40219.1
Project("{F184B08F-C81C-45F6-A57F-5ABD9991F28F}") = "ExemploVb", "ExemploVb\ExemploVb.vbproj", "{3E621770-B72F-48E2-9E3C-B499576581A6}"
EndProject
Project("{FAE04EC0-301F-11D3-BF4B-00C04F79EFBC}") = "libUtil", "libUtil\libUtil.csproj", "{781ED5B2-5DE7-4161-98C1-D4C79C8360A1}"
EndProject
Global
	GlobalSection(SolutionConfigurationPlatforms) = preSolution
		Debug|Any CPU = Debug|Any CPU
		Release|Any CPU = Release|Any CPU
	EndGlobalSection
	GlobalSection(ProjectConfigurationPlatforms) = postSolution
		{3E621770-B72F-48E2-9E3C-B499576581A6}.Debug|Any CPU.ActiveCfg = Debug|Any CPU
		{3E621770-B72F-48E2-9E3C-B499576581A6}.Debug|Any CPU.Build.0 = Debug|Any CPU
		{3E621770-B72F-48E2-9E3C-B499576581A6}.Release|Any CPU.ActiveCfg = Release|Any CPU
		{3E621770-B72F-48E2-9E3C-B499576581A6}.Release|Any CPU.Build.0 = Release|Any CPU
		{781ED5B2-5DE7-4161-98C1-D4C79C8360A1}.Debug|Any CPU.ActiveCfg = Debug|Any CPU
		{781ED5B2-5DE7-4161-98C1-D4C79C8360A1}.Debug|Any CPU.Build.0 = Debug|Any CPU
		{781ED5B2-5DE7-4161-98C1-D4C79C8360A1}.Release|Any CPU.ActiveCfg = Release|Any CPU
		{781ED5B2-5DE7-4161-98C1-D4C79C8360A1}.Release|Any CPU.Build.0 = Release|Any CPU
	EndGlobalSection
	GlobalSection(SolutionProperties) = preSolution
		HideSolutionNode = FALSE
	EndGlobalSection
EndGlobal
